
Microsoft Visual Studio Solution File, Format Version 12.00
# Visual Studio 14
VisualStudioVersion = 14.0.25123.0
MinimumVisualStudioVersion = 10.0.40219.1
Project("{FAE04EC0-301F-11D3-BF4B-00C04F79EFBC}") = "XCLCMS.Data.BLL", "XCLCMS.Data\XCLCMS.Data.BLL\XCLCMS.Data.BLL.csproj", "{054CA0F2-19E8-4121-AB61-E89BB52C0B7C}"
EndProject
Project("{FAE04EC0-301F-11D3-BF4B-00C04F79EFBC}") = "XCLCMS.Data.CommonHelper", "XCLCMS.Data\XCLCMS.Data.CommonHelper\XCLCMS.Data.CommonHelper.csproj", "{4F53BBD2-FCDC-403D-9546-281CDA981CF8}"
EndProject
Project("{FAE04EC0-301F-11D3-BF4B-00C04F79EFBC}") = "XCLCMS.Data.DAL", "XCLCMS.Data\XCLCMS.Data.DAL\XCLCMS.Data.DAL.csproj", "{D3BC202F-664E-4F31-9ED8-8CF8F618C348}"
EndProject
Project("{FAE04EC0-301F-11D3-BF4B-00C04F79EFBC}") = "XCLCMS.Data.Model", "XCLCMS.Data\XCLCMS.Data.Model\XCLCMS.Data.Model.csproj", "{1C3A4834-DE9B-4B4F-8378-084F83C58E90}"
EndProject
Project("{FAE04EC0-301F-11D3-BF4B-00C04F79EFBC}") = "XCLCMS.Document", "XCLCMS.Document\XCLCMS.Document.csproj", "{9E4D4430-C8A3-4321-9C82-784C3AAE3297}"
EndProject
Project("{FAE04EC0-301F-11D3-BF4B-00C04F79EFBC}") = "XCLCMS.Lib", "XCLCMS.Lib\XCLCMS.Lib.csproj", "{E2AA6C7F-5B46-4A4B-93E4-4ED457587C4E}"
EndProject
Project("{FAE04EC0-301F-11D3-BF4B-00C04F79EFBC}") = "XCLCMS.Resources.AdminWeb", "XCLCMS.Resources\XCLCMS.Resources.AdminWeb\XCLCMS.Resources.AdminWeb.csproj", "{0554B255-9992-4B9B-B2FB-89F2BA3F1253}"
EndProject
Project("{FAE04EC0-301F-11D3-BF4B-00C04F79EFBC}") = "XCLCMS.Resources.UserWeb", "XCLCMS.Resources\XCLCMS.Resources.UserWeb\XCLCMS.Resources.UserWeb.csproj", "{9685B761-558F-460D-889B-3A1113CDB70C}"
EndProject
Project("{FAE04EC0-301F-11D3-BF4B-00C04F79EFBC}") = "XCLCMS.View.AdminWeb", "XCLCMS.View\XCLCMS.View.AdminWeb\XCLCMS.View.AdminWeb.csproj", "{39BF7B2C-DC4D-47FE-81E7-F0E87408C82B}"
EndProject
Project("{FAE04EC0-301F-11D3-BF4B-00C04F79EFBC}") = "XCLCMS.View.UserWeb", "XCLCMS.View\XCLCMS.View.UserWeb\XCLCMS.View.UserWeb.csproj", "{5BA08FCA-FF7B-45E6-BA26-F62517D90244}"
EndProject
Project("{2150E333-8FDC-42A3-9474-1A3956D46DE8}") = "XCLCMS.Data", "XCLCMS.Data", "{43FC6889-2F52-4A7E-8E30-9A1D8A55A902}"
EndProject
Project("{2150E333-8FDC-42A3-9474-1A3956D46DE8}") = "XCLCMS.Resources", "XCLCMS.Resources", "{C55C27F7-CE36-4DA3-941C-D47C2D47F8C9}"
EndProject
Project("{2150E333-8FDC-42A3-9474-1A3956D46DE8}") = "XCLCMS.View", "XCLCMS.View", "{D166C86D-8115-401B-A48B-27E448B1C2BF}"
EndProject
Project("{FAE04EC0-301F-11D3-BF4B-00C04F79EFBC}") = "XCLCMS.FileManager", "XCLCMS.FileManager\XCLCMS.FileManager.csproj", "{CDA7DCFA-3352-4D06-9495-EB1B22A9C1E7}"
EndProject
Project("{FAE04EC0-301F-11D3-BF4B-00C04F79EFBC}") = "MyBlogWeb", "..\..\LocalGit\Blog\MyBlog\MyBlogWeb\MyBlogWeb.csproj", "{4ED7F369-132C-4B29-9DFE-BE3537319F50}"
EndProject
Project("{2150E333-8FDC-42A3-9474-1A3956D46DE8}") = "MyBlog", "MyBlog", "{DD7177F0-C400-4D2B-BB6F-D72D4566AC69}"
EndProject
Global
	GlobalSection(SolutionConfigurationPlatforms) = preSolution
		Debug|Any CPU = Debug|Any CPU
		Release|Any CPU = Release|Any CPU
	EndGlobalSection
	GlobalSection(ProjectConfigurationPlatforms) = postSolution
		{054CA0F2-19E8-4121-AB61-E89BB52C0B7C}.Debug|Any CPU.ActiveCfg = Debug|Any CPU
		{054CA0F2-19E8-4121-AB61-E89BB52C0B7C}.Debug|Any CPU.Build.0 = Debug|Any CPU
		{054CA0F2-19E8-4121-AB61-E89BB52C0B7C}.Release|Any CPU.ActiveCfg = Release|Any CPU
		{054CA0F2-19E8-4121-AB61-E89BB52C0B7C}.Release|Any CPU.Build.0 = Release|Any CPU
		{4F53BBD2-FCDC-403D-9546-281CDA981CF8}.Debug|Any CPU.ActiveCfg = Debug|Any CPU
		{4F53BBD2-FCDC-403D-9546-281CDA981CF8}.Debug|Any CPU.Build.0 = Debug|Any CPU
		{4F53BBD2-FCDC-403D-9546-281CDA981CF8}.Release|Any CPU.ActiveCfg = Release|Any CPU
		{4F53BBD2-FCDC-403D-9546-281CDA981CF8}.Release|Any CPU.Build.0 = Release|Any CPU
		{D3BC202F-664E-4F31-9ED8-8CF8F618C348}.Debug|Any CPU.ActiveCfg = Debug|Any CPU
		{D3BC202F-664E-4F31-9ED8-8CF8F618C348}.Debug|Any CPU.Build.0 = Debug|Any CPU
		{D3BC202F-664E-4F31-9ED8-8CF8F618C348}.Release|Any CPU.ActiveCfg = Release|Any CPU
		{D3BC202F-664E-4F31-9ED8-8CF8F618C348}.Release|Any CPU.Build.0 = Release|Any CPU
		{1C3A4834-DE9B-4B4F-8378-084F83C58E90}.Debug|Any CPU.ActiveCfg = Debug|Any CPU
		{1C3A4834-DE9B-4B4F-8378-084F83C58E90}.Debug|Any CPU.Build.0 = Debug|Any CPU
		{1C3A4834-DE9B-4B4F-8378-084F83C58E90}.Release|Any CPU.ActiveCfg = Release|Any CPU
		{1C3A4834-DE9B-4B4F-8378-084F83C58E90}.Release|Any CPU.Build.0 = Release|Any CPU
		{9E4D4430-C8A3-4321-9C82-784C3AAE3297}.Debug|Any CPU.ActiveCfg = Debug|Any CPU
		{9E4D4430-C8A3-4321-9C82-784C3AAE3297}.Debug|Any CPU.Build.0 = Debug|Any CPU
		{9E4D4430-C8A3-4321-9C82-784C3AAE3297}.Release|Any CPU.ActiveCfg = Release|Any CPU
		{9E4D4430-C8A3-4321-9C82-784C3AAE3297}.Release|Any CPU.Build.0 = Release|Any CPU
		{E2AA6C7F-5B46-4A4B-93E4-4ED457587C4E}.Debug|Any CPU.ActiveCfg = Debug|Any CPU
		{E2AA6C7F-5B46-4A4B-93E4-4ED457587C4E}.Debug|Any CPU.Build.0 = Debug|Any CPU
		{E2AA6C7F-5B46-4A4B-93E4-4ED457587C4E}.Release|Any CPU.ActiveCfg = Release|Any CPU
		{E2AA6C7F-5B46-4A4B-93E4-4ED457587C4E}.Release|Any CPU.Build.0 = Release|Any CPU
		{0554B255-9992-4B9B-B2FB-89F2BA3F1253}.Debug|Any CPU.ActiveCfg = Debug|Any CPU
		{0554B255-9992-4B9B-B2FB-89F2BA3F1253}.Debug|Any CPU.Build.0 = Debug|Any CPU
		{0554B255-9992-4B9B-B2FB-89F2BA3F1253}.Release|Any CPU.ActiveCfg = Release|Any CPU
		{0554B255-9992-4B9B-B2FB-89F2BA3F1253}.Release|Any CPU.Build.0 = Release|Any CPU
		{9685B761-558F-460D-889B-3A1113CDB70C}.Debug|Any CPU.ActiveCfg = Debug|Any CPU
		{9685B761-558F-460D-889B-3A1113CDB70C}.Debug|Any CPU.Build.0 = Debug|Any CPU
		{9685B761-558F-460D-889B-3A1113CDB70C}.Release|Any CPU.ActiveCfg = Release|Any CPU
		{9685B761-558F-460D-889B-3A1113CDB70C}.Release|Any CPU.Build.0 = Release|Any CPU
		{39BF7B2C-DC4D-47FE-81E7-F0E87408C82B}.Debug|Any CPU.ActiveCfg = Debug|Any CPU
		{39BF7B2C-DC4D-47FE-81E7-F0E87408C82B}.Debug|Any CPU.Build.0 = Debug|Any CPU
		{39BF7B2C-DC4D-47FE-81E7-F0E87408C82B}.Release|Any CPU.ActiveCfg = Release|Any CPU
		{39BF7B2C-DC4D-47FE-81E7-F0E87408C82B}.Release|Any CPU.Build.0 = Release|Any CPU
		{5BA08FCA-FF7B-45E6-BA26-F62517D90244}.Debug|Any CPU.ActiveCfg = Debug|Any CPU
		{5BA08FCA-FF7B-45E6-BA26-F62517D90244}.Debug|Any CPU.Build.0 = Debug|Any CPU
		{5BA08FCA-FF7B-45E6-BA26-F62517D90244}.Release|Any CPU.ActiveCfg = Release|Any CPU
		{5BA08FCA-FF7B-45E6-BA26-F62517D90244}.Release|Any CPU.Build.0 = Release|Any CPU
		{CDA7DCFA-3352-4D06-9495-EB1B22A9C1E7}.Debug|Any CPU.ActiveCfg = Debug|Any CPU
		{CDA7DCFA-3352-4D06-9495-EB1B22A9C1E7}.Debug|Any CPU.Build.0 = Debug|Any CPU
		{CDA7DCFA-3352-4D06-9495-EB1B22A9C1E7}.Release|Any CPU.ActiveCfg = Release|Any CPU
		{CDA7DCFA-3352-4D06-9495-EB1B22A9C1E7}.Release|Any CPU.Build.0 = Release|Any CPU
		{4ED7F369-132C-4B29-9DFE-BE3537319F50}.Debug|Any CPU.ActiveCfg = Debug|Any CPU
		{4ED7F369-132C-4B29-9DFE-BE3537319F50}.Debug|Any CPU.Build.0 = Debug|Any CPU
		{4ED7F369-132C-4B29-9DFE-BE3537319F50}.Release|Any CPU.ActiveCfg = Release|Any CPU
		{4ED7F369-132C-4B29-9DFE-BE3537319F50}.Release|Any CPU.Build.0 = Release|Any CPU
	EndGlobalSection
	GlobalSection(SolutionProperties) = preSolution
		HideSolutionNode = FALSE
	EndGlobalSection
	GlobalSection(NestedProjects) = preSolution
		{054CA0F2-19E8-4121-AB61-E89BB52C0B7C} = {43FC6889-2F52-4A7E-8E30-9A1D8A55A902}
		{4F53BBD2-FCDC-403D-9546-281CDA981CF8} = {43FC6889-2F52-4A7E-8E30-9A1D8A55A902}
		{D3BC202F-664E-4F31-9ED8-8CF8F618C348} = {43FC6889-2F52-4A7E-8E30-9A1D8A55A902}
		{1C3A4834-DE9B-4B4F-8378-084F83C58E90} = {43FC6889-2F52-4A7E-8E30-9A1D8A55A902}
		{0554B255-9992-4B9B-B2FB-89F2BA3F1253} = {C55C27F7-CE36-4DA3-941C-D47C2D47F8C9}
		{9685B761-558F-460D-889B-3A1113CDB70C} = {C55C27F7-CE36-4DA3-941C-D47C2D47F8C9}
		{39BF7B2C-DC4D-47FE-81E7-F0E87408C82B} = {D166C86D-8115-401B-A48B-27E448B1C2BF}
		{5BA08FCA-FF7B-45E6-BA26-F62517D90244} = {D166C86D-8115-401B-A48B-27E448B1C2BF}
		{4ED7F369-132C-4B29-9DFE-BE3537319F50} = {DD7177F0-C400-4D2B-BB6F-D72D4566AC69}
	EndGlobalSection
EndGlobal
