
Microsoft Visual Studio Solution File, Format Version 12.00
# Visual Studio 2012
Project("{FAE04EC0-301F-11D3-BF4B-00C04F79EFBC}") = "XCLCMS.Data.BLL", "XCLCMS.Data.BLL\XCLCMS.Data.BLL.csproj", "{054CA0F2-19E8-4121-AB61-E89BB52C0B7C}"
EndProject
Project("{FAE04EC0-301F-11D3-BF4B-00C04F79EFBC}") = "XCLCMS.Data.CommonHelper", "XCLCMS.Data.CommonHelper\XCLCMS.Data.CommonHelper.csproj", "{4F53BBD2-FCDC-403D-9546-281CDA981CF8}"
EndProject
Project("{FAE04EC0-301F-11D3-BF4B-00C04F79EFBC}") = "XCLCMS.Data.DAL", "XCLCMS.Data.DAL\XCLCMS.Data.DAL.csproj", "{D3BC202F-664E-4F31-9ED8-8CF8F618C348}"
EndProject
Project("{FAE04EC0-301F-11D3-BF4B-00C04F79EFBC}") = "XCLCMS.Data.Model", "XCLCMS.Data.Model\XCLCMS.Data.Model.csproj", "{1C3A4834-DE9B-4B4F-8378-084F83C58E90}"
EndProject
Global
	GlobalSection(SolutionConfigurationPlatforms) = preSolution
		Debug|Any CPU = Debug|Any CPU
		Release|Any CPU = Release|Any CPU
	EndGlobalSection
	GlobalSection(ProjectConfigurationPlatforms) = postSolution
		{054CA0F2-19E8-4121-AB61-E89BB52C0B7C}.Debug|Any CPU.ActiveCfg = Debug|Any CPU
		{054CA0F2-19E8-4121-AB61-E89BB52C0B7C}.Debug|Any CPU.Build.0 = Debug|Any CPU
		{054CA0F2-19E8-4121-AB61-E89BB52C0B7C}.Release|Any CPU.ActiveCfg = Release|Any CPU
		{054CA0F2-19E8-4121-AB61-E89BB52C0B7C}.Release|Any CPU.Build.0 = Release|Any CPU
		{4F53BBD2-FCDC-403D-9546-281CDA981CF8}.Debug|Any CPU.ActiveCfg = Debug|Any CPU
		{4F53BBD2-FCDC-403D-9546-281CDA981CF8}.Debug|Any CPU.Build.0 = Debug|Any CPU
		{4F53BBD2-FCDC-403D-9546-281CDA981CF8}.Release|Any CPU.ActiveCfg = Release|Any CPU
		{4F53BBD2-FCDC-403D-9546-281CDA981CF8}.Release|Any CPU.Build.0 = Release|Any CPU
		{D3BC202F-664E-4F31-9ED8-8CF8F618C348}.Debug|Any CPU.ActiveCfg = Debug|Any CPU
		{D3BC202F-664E-4F31-9ED8-8CF8F618C348}.Debug|Any CPU.Build.0 = Debug|Any CPU
		{D3BC202F-664E-4F31-9ED8-8CF8F618C348}.Release|Any CPU.ActiveCfg = Release|Any CPU
		{D3BC202F-664E-4F31-9ED8-8CF8F618C348}.Release|Any CPU.Build.0 = Release|Any CPU
		{1C3A4834-DE9B-4B4F-8378-084F83C58E90}.Debug|Any CPU.ActiveCfg = Debug|Any CPU
		{1C3A4834-DE9B-4B4F-8378-084F83C58E90}.Debug|Any CPU.Build.0 = Debug|Any CPU
		{1C3A4834-DE9B-4B4F-8378-084F83C58E90}.Release|Any CPU.ActiveCfg = Release|Any CPU
		{1C3A4834-DE9B-4B4F-8378-084F83C58E90}.Release|Any CPU.Build.0 = Release|Any CPU
	EndGlobalSection
	GlobalSection(SolutionProperties) = preSolution
		HideSolutionNode = FALSE
	EndGlobalSection
EndGlobal
