
Microsoft Visual Studio Solution File, Format Version 12.00
# Visual Studio 2012
Project("{FAE04EC0-301F-11D3-BF4B-00C04F79EFBC}") = "AdminWebResources", "AdminWebResources\AdminWebResources.csproj", "{0554B255-9992-4B9B-B2FB-89F2BA3F1253}"
EndProject
Project("{FAE04EC0-301F-11D3-BF4B-00C04F79EFBC}") = "UserWebResources", "UserWebResources\UserWebResources.csproj", "{9685B761-558F-460D-889B-3A1113CDB70C}"
EndProject
Global
	GlobalSection(SolutionConfigurationPlatforms) = preSolution
		Debug|Any CPU = Debug|Any CPU
		Release|Any CPU = Release|Any CPU
	EndGlobalSection
	GlobalSection(ProjectConfigurationPlatforms) = postSolution
		{0554B255-9992-4B9B-B2FB-89F2BA3F1253}.Debug|Any CPU.ActiveCfg = Debug|Any CPU
		{0554B255-9992-4B9B-B2FB-89F2BA3F1253}.Debug|Any CPU.Build.0 = Debug|Any CPU
		{0554B255-9992-4B9B-B2FB-89F2BA3F1253}.Release|Any CPU.ActiveCfg = Release|Any CPU
		{0554B255-9992-4B9B-B2FB-89F2BA3F1253}.Release|Any CPU.Build.0 = Release|Any CPU
		{9685B761-558F-460D-889B-3A1113CDB70C}.Debug|Any CPU.ActiveCfg = Debug|Any CPU
		{9685B761-558F-460D-889B-3A1113CDB70C}.Debug|Any CPU.Build.0 = Debug|Any CPU
		{9685B761-558F-460D-889B-3A1113CDB70C}.Release|Any CPU.ActiveCfg = Release|Any CPU
		{9685B761-558F-460D-889B-3A1113CDB70C}.Release|Any CPU.Build.0 = Release|Any CPU
	EndGlobalSection
	GlobalSection(SolutionProperties) = preSolution
		HideSolutionNode = FALSE
	EndGlobalSection
EndGlobal
