
Microsoft Visual Studio Solution File, Format Version 12.00
# Visual Studio 2012
Project("{FAE04EC0-301F-11D3-BF4B-00C04F79EFBC}") = "XCLCMS.Data.BLL", "XCLCMS.Data.BLL\XCLCMS.Data.BLL.csproj", "{054CA0F2-19E8-4121-AB61-E89BB52C0B7C}"
EndProject
Project("{FAE04EC0-301F-11D3-BF4B-00C04F79EFBC}") = "XCLCMS.Data.DAL", "XCLCMS.Data.DAL\XCLCMS.Data.DAL.csproj", "{D3BC202F-664E-4F31-9ED8-8CF8F618C348}"
EndProject
Project("{FAE04EC0-301F-11D3-BF4B-00C04F79EFBC}") = "XCLCMS.Data.Model", "XCLCMS.Data.Model\XCLCMS.Data.Model.csproj", "{1C3A4834-DE9B-4B4F-8378-084F83C58E90}"
EndProject
Project("{FAE04EC0-301F-11D3-BF4B-00C04F79EFBC}") = "XCLCMS.View.AdminWeb", "XCLCMS.View.AdminWeb\XCLCMS.View.AdminWeb.csproj", "{39BF7B2C-DC4D-47FE-81E7-F0E87408C82B}"
EndProject
Project("{FAE04EC0-301F-11D3-BF4B-00C04F79EFBC}") = "XCLCMS.View.UserWeb", "XCLCMS.View.UserWeb\XCLCMS.View.UserWeb.csproj", "{5BA08FCA-FF7B-45E6-BA26-F62517D90244}"
EndProject
Project("{FAE04EC0-301F-11D3-BF4B-00C04F79EFBC}") = "XCLCMS.Document", "XCLCMS.Document\XCLCMS.Document.csproj", "{9E4D4430-C8A3-4321-9C82-784C3AAE3297}"
EndProject
Project("{FAE04EC0-301F-11D3-BF4B-00C04F79EFBC}") = "XCLCMS.View.AdminViewModel", "XCLCMS.View.AdminViewModel\XCLCMS.View.AdminViewModel.csproj", "{864D8E33-A9B4-40B1-9E38-5341FCEC5936}"
EndProject
Project("{FAE04EC0-301F-11D3-BF4B-00C04F79EFBC}") = "XCLCMS.View.UserViewModel", "XCLCMS.View.UserViewModel\XCLCMS.View.UserViewModel.csproj", "{B8FB2A7F-308A-43D4-B062-1D768A7EB155}"
EndProject
Project("{FAE04EC0-301F-11D3-BF4B-00C04F79EFBC}") = "XCLCMS.Data.CommonHelper", "XCLCMS.Data.CommonHelper\XCLCMS.Data.CommonHelper.csproj", "{4F53BBD2-FCDC-403D-9546-281CDA981CF8}"
EndProject
Project("{FAE04EC0-301F-11D3-BF4B-00C04F79EFBC}") = "XCLCMS.CodeTool.DBUtility", "XCLCMS.CodeTool.DBUtility\XCLCMS.CodeTool.DBUtility.csproj", "{A118B361-AABF-4E51-8E3F-365A6BB25CB5}"
EndProject
Project("{2150E333-8FDC-42A3-9474-1A3956D46DE8}") = "数据库操作层", "数据库操作层", "{0B34EDFE-5D1C-4DB6-92C4-496E29E7FED9}"
EndProject
Project("{2150E333-8FDC-42A3-9474-1A3956D46DE8}") = "文档", "文档", "{ED1685F2-49EB-48A8-B1D0-BDD0B0ACA6C2}"
EndProject
Project("{2150E333-8FDC-42A3-9474-1A3956D46DE8}") = "界面View", "界面View", "{FE992A6E-B163-498A-A73E-23929A9293BE}"
EndProject
Project("{FAE04EC0-301F-11D3-BF4B-00C04F79EFBC}") = "XCLCMS.View.Model", "XCLCMS.View.Model\XCLCMS.View.Model.csproj", "{1DE5D205-9670-4F81-9945-02FD0DD6AD8B}"
EndProject
Project("{2150E333-8FDC-42A3-9474-1A3956D46DE8}") = "公共类", "公共类", "{B40950C3-34E9-4DA4-AD25-F68DE7C35837}"
EndProject
Project("{FAE04EC0-301F-11D3-BF4B-00C04F79EFBC}") = "XCLCMS.Lib", "XCLCMS.Lib\XCLCMS.Lib.csproj", "{E2AA6C7F-5B46-4A4B-93E4-4ED457587C4E}"
EndProject
Global
	GlobalSection(TeamFoundationVersionControl) = preSolution
		SccNumberOfProjects = 13
		SccEnterpriseProvider = {4CA58AB2-18FA-4F8D-95D4-32DDF27D184C}
		SccTeamFoundationServer = http://xcl-pc:8080/tfs/mytask
		SccLocalPath0 = .
		SccProjectUniqueName1 = XCLCMS.CodeTool.DBUtility\\XCLCMS.CodeTool.DBUtility.csproj
		SccProjectTopLevelParentUniqueName1 = XCLCMS.sln
		SccProjectName1 = XCLCMS.CodeTool.DBUtility
		SccLocalPath1 = XCLCMS.CodeTool.DBUtility
		SccProjectUniqueName2 = XCLCMS.Data.BLL\\XCLCMS.Data.BLL.csproj
		SccProjectTopLevelParentUniqueName2 = XCLCMS.sln
		SccProjectName2 = XCLCMS.Data.BLL
		SccLocalPath2 = XCLCMS.Data.BLL
		SccProjectUniqueName3 = XCLCMS.Data.CommonHelper\\XCLCMS.Data.CommonHelper.csproj
		SccProjectTopLevelParentUniqueName3 = XCLCMS.sln
		SccProjectName3 = XCLCMS.Data.CommonHelper
		SccLocalPath3 = XCLCMS.Data.CommonHelper
		SccProjectUniqueName4 = XCLCMS.Data.DAL\\XCLCMS.Data.DAL.csproj
		SccProjectTopLevelParentUniqueName4 = XCLCMS.sln
		SccProjectName4 = XCLCMS.Data.DAL
		SccLocalPath4 = XCLCMS.Data.DAL
		SccProjectUniqueName5 = XCLCMS.Data.Model\\XCLCMS.Data.Model.csproj
		SccProjectTopLevelParentUniqueName5 = XCLCMS.sln
		SccProjectName5 = XCLCMS.Data.Model
		SccLocalPath5 = XCLCMS.Data.Model
		SccProjectUniqueName6 = XCLCMS.Document\\XCLCMS.Document.csproj
		SccProjectTopLevelParentUniqueName6 = XCLCMS.sln
		SccProjectName6 = XCLCMS.Document
		SccLocalPath6 = XCLCMS.Document
		SccProjectUniqueName7 = XCLCMS.Lib\\XCLCMS.Lib.csproj
		SccProjectTopLevelParentUniqueName7 = XCLCMS.sln
		SccProjectName7 = XCLCMS.Lib
		SccLocalPath7 = XCLCMS.Lib
		SccProjectUniqueName8 = XCLCMS.View.AdminViewModel\\XCLCMS.View.AdminViewModel.csproj
		SccProjectTopLevelParentUniqueName8 = XCLCMS.sln
		SccProjectName8 = XCLCMS.View.AdminViewModel
		SccLocalPath8 = XCLCMS.View.AdminViewModel
		SccProjectUniqueName9 = XCLCMS.View.AdminWeb\\XCLCMS.View.AdminWeb.csproj
		SccProjectTopLevelParentUniqueName9 = XCLCMS.sln
		SccProjectName9 = XCLCMS.View.AdminWeb
		SccLocalPath9 = XCLCMS.View.AdminWeb
		SccProjectUniqueName10 = XCLCMS.View.Model\\XCLCMS.View.Model.csproj
		SccProjectTopLevelParentUniqueName10 = XCLCMS.sln
		SccProjectName10 = XCLCMS.View.Model
		SccLocalPath10 = XCLCMS.View.Model
		SccProjectUniqueName11 = XCLCMS.View.UserViewModel\\XCLCMS.View.UserViewModel.csproj
		SccProjectTopLevelParentUniqueName11 = XCLCMS.sln
		SccProjectName11 = XCLCMS.View.UserViewModel
		SccLocalPath11 = XCLCMS.View.UserViewModel
		SccProjectUniqueName12 = XCLCMS.View.UserWeb\\XCLCMS.View.UserWeb.csproj
		SccProjectTopLevelParentUniqueName12 = XCLCMS.sln
		SccProjectName12 = XCLCMS.View.UserWeb
		SccLocalPath12 = XCLCMS.View.UserWeb
	EndGlobalSection
	GlobalSection(SolutionConfigurationPlatforms) = preSolution
		Debug|Any CPU = Debug|Any CPU
		Release|Any CPU = Release|Any CPU
	EndGlobalSection
	GlobalSection(ProjectConfigurationPlatforms) = postSolution
		{054CA0F2-19E8-4121-AB61-E89BB52C0B7C}.Debug|Any CPU.ActiveCfg = Debug|Any CPU
		{054CA0F2-19E8-4121-AB61-E89BB52C0B7C}.Debug|Any CPU.Build.0 = Debug|Any CPU
		{054CA0F2-19E8-4121-AB61-E89BB52C0B7C}.Release|Any CPU.ActiveCfg = Release|Any CPU
		{054CA0F2-19E8-4121-AB61-E89BB52C0B7C}.Release|Any CPU.Build.0 = Release|Any CPU
		{D3BC202F-664E-4F31-9ED8-8CF8F618C348}.Debug|Any CPU.ActiveCfg = Debug|Any CPU
		{D3BC202F-664E-4F31-9ED8-8CF8F618C348}.Debug|Any CPU.Build.0 = Debug|Any CPU
		{D3BC202F-664E-4F31-9ED8-8CF8F618C348}.Release|Any CPU.ActiveCfg = Release|Any CPU
		{D3BC202F-664E-4F31-9ED8-8CF8F618C348}.Release|Any CPU.Build.0 = Release|Any CPU
		{1C3A4834-DE9B-4B4F-8378-084F83C58E90}.Debug|Any CPU.ActiveCfg = Debug|Any CPU
		{1C3A4834-DE9B-4B4F-8378-084F83C58E90}.Debug|Any CPU.Build.0 = Debug|Any CPU
		{1C3A4834-DE9B-4B4F-8378-084F83C58E90}.Release|Any CPU.ActiveCfg = Release|Any CPU
		{1C3A4834-DE9B-4B4F-8378-084F83C58E90}.Release|Any CPU.Build.0 = Release|Any CPU
		{39BF7B2C-DC4D-47FE-81E7-F0E87408C82B}.Debug|Any CPU.ActiveCfg = Debug|Any CPU
		{39BF7B2C-DC4D-47FE-81E7-F0E87408C82B}.Debug|Any CPU.Build.0 = Debug|Any CPU
		{39BF7B2C-DC4D-47FE-81E7-F0E87408C82B}.Release|Any CPU.ActiveCfg = Release|Any CPU
		{39BF7B2C-DC4D-47FE-81E7-F0E87408C82B}.Release|Any CPU.Build.0 = Release|Any CPU
		{5BA08FCA-FF7B-45E6-BA26-F62517D90244}.Debug|Any CPU.ActiveCfg = Debug|Any CPU
		{5BA08FCA-FF7B-45E6-BA26-F62517D90244}.Debug|Any CPU.Build.0 = Debug|Any CPU
		{5BA08FCA-FF7B-45E6-BA26-F62517D90244}.Release|Any CPU.ActiveCfg = Release|Any CPU
		{5BA08FCA-FF7B-45E6-BA26-F62517D90244}.Release|Any CPU.Build.0 = Release|Any CPU
		{9E4D4430-C8A3-4321-9C82-784C3AAE3297}.Debug|Any CPU.ActiveCfg = Debug|Any CPU
		{9E4D4430-C8A3-4321-9C82-784C3AAE3297}.Debug|Any CPU.Build.0 = Debug|Any CPU
		{9E4D4430-C8A3-4321-9C82-784C3AAE3297}.Release|Any CPU.ActiveCfg = Release|Any CPU
		{9E4D4430-C8A3-4321-9C82-784C3AAE3297}.Release|Any CPU.Build.0 = Release|Any CPU
		{864D8E33-A9B4-40B1-9E38-5341FCEC5936}.Debug|Any CPU.ActiveCfg = Debug|Any CPU
		{864D8E33-A9B4-40B1-9E38-5341FCEC5936}.Debug|Any CPU.Build.0 = Debug|Any CPU
		{864D8E33-A9B4-40B1-9E38-5341FCEC5936}.Release|Any CPU.ActiveCfg = Release|Any CPU
		{864D8E33-A9B4-40B1-9E38-5341FCEC5936}.Release|Any CPU.Build.0 = Release|Any CPU
		{B8FB2A7F-308A-43D4-B062-1D768A7EB155}.Debug|Any CPU.ActiveCfg = Debug|Any CPU
		{B8FB2A7F-308A-43D4-B062-1D768A7EB155}.Debug|Any CPU.Build.0 = Debug|Any CPU
		{B8FB2A7F-308A-43D4-B062-1D768A7EB155}.Release|Any CPU.ActiveCfg = Release|Any CPU
		{B8FB2A7F-308A-43D4-B062-1D768A7EB155}.Release|Any CPU.Build.0 = Release|Any CPU
		{4F53BBD2-FCDC-403D-9546-281CDA981CF8}.Debug|Any CPU.ActiveCfg = Debug|Any CPU
		{4F53BBD2-FCDC-403D-9546-281CDA981CF8}.Debug|Any CPU.Build.0 = Debug|Any CPU
		{4F53BBD2-FCDC-403D-9546-281CDA981CF8}.Release|Any CPU.ActiveCfg = Release|Any CPU
		{4F53BBD2-FCDC-403D-9546-281CDA981CF8}.Release|Any CPU.Build.0 = Release|Any CPU
		{A118B361-AABF-4E51-8E3F-365A6BB25CB5}.Debug|Any CPU.ActiveCfg = Debug|Any CPU
		{A118B361-AABF-4E51-8E3F-365A6BB25CB5}.Debug|Any CPU.Build.0 = Debug|Any CPU
		{A118B361-AABF-4E51-8E3F-365A6BB25CB5}.Release|Any CPU.ActiveCfg = Release|Any CPU
		{A118B361-AABF-4E51-8E3F-365A6BB25CB5}.Release|Any CPU.Build.0 = Release|Any CPU
		{1DE5D205-9670-4F81-9945-02FD0DD6AD8B}.Debug|Any CPU.ActiveCfg = Debug|Any CPU
		{1DE5D205-9670-4F81-9945-02FD0DD6AD8B}.Debug|Any CPU.Build.0 = Debug|Any CPU
		{1DE5D205-9670-4F81-9945-02FD0DD6AD8B}.Release|Any CPU.ActiveCfg = Release|Any CPU
		{1DE5D205-9670-4F81-9945-02FD0DD6AD8B}.Release|Any CPU.Build.0 = Release|Any CPU
		{E2AA6C7F-5B46-4A4B-93E4-4ED457587C4E}.Debug|Any CPU.ActiveCfg = Debug|Any CPU
		{E2AA6C7F-5B46-4A4B-93E4-4ED457587C4E}.Debug|Any CPU.Build.0 = Debug|Any CPU
		{E2AA6C7F-5B46-4A4B-93E4-4ED457587C4E}.Release|Any CPU.ActiveCfg = Release|Any CPU
		{E2AA6C7F-5B46-4A4B-93E4-4ED457587C4E}.Release|Any CPU.Build.0 = Release|Any CPU
	EndGlobalSection
	GlobalSection(SolutionProperties) = preSolution
		HideSolutionNode = FALSE
	EndGlobalSection
	GlobalSection(NestedProjects) = preSolution
		{D3BC202F-664E-4F31-9ED8-8CF8F618C348} = {0B34EDFE-5D1C-4DB6-92C4-496E29E7FED9}
		{1C3A4834-DE9B-4B4F-8378-084F83C58E90} = {0B34EDFE-5D1C-4DB6-92C4-496E29E7FED9}
		{4F53BBD2-FCDC-403D-9546-281CDA981CF8} = {0B34EDFE-5D1C-4DB6-92C4-496E29E7FED9}
		{A118B361-AABF-4E51-8E3F-365A6BB25CB5} = {0B34EDFE-5D1C-4DB6-92C4-496E29E7FED9}
		{054CA0F2-19E8-4121-AB61-E89BB52C0B7C} = {0B34EDFE-5D1C-4DB6-92C4-496E29E7FED9}
		{5BA08FCA-FF7B-45E6-BA26-F62517D90244} = {FE992A6E-B163-498A-A73E-23929A9293BE}
		{864D8E33-A9B4-40B1-9E38-5341FCEC5936} = {FE992A6E-B163-498A-A73E-23929A9293BE}
		{B8FB2A7F-308A-43D4-B062-1D768A7EB155} = {FE992A6E-B163-498A-A73E-23929A9293BE}
		{39BF7B2C-DC4D-47FE-81E7-F0E87408C82B} = {FE992A6E-B163-498A-A73E-23929A9293BE}
		{1DE5D205-9670-4F81-9945-02FD0DD6AD8B} = {FE992A6E-B163-498A-A73E-23929A9293BE}
		{9E4D4430-C8A3-4321-9C82-784C3AAE3297} = {ED1685F2-49EB-48A8-B1D0-BDD0B0ACA6C2}
		{E2AA6C7F-5B46-4A4B-93E4-4ED457587C4E} = {B40950C3-34E9-4DA4-AD25-F68DE7C35837}
	EndGlobalSection
EndGlobal
