
Microsoft Visual Studio Solution File, Format Version 12.00
# Visual Studio 14
VisualStudioVersion = 14.0.23107.0
MinimumVisualStudioVersion = 10.0.40219.1
Project("{FAE04EC0-301F-11D3-BF4B-00C04F79EFBC}") = "XCLCMS.View.AdminViewModel", "XCLCMS.View.AdminViewModel\XCLCMS.View.AdminViewModel.csproj", "{864D8E33-A9B4-40B1-9E38-5341FCEC5936}"
EndProject
Project("{FAE04EC0-301F-11D3-BF4B-00C04F79EFBC}") = "XCLCMS.View.AdminWeb", "XCLCMS.View.AdminWeb\XCLCMS.View.AdminWeb.csproj", "{39BF7B2C-DC4D-47FE-81E7-F0E87408C82B}"
EndProject
Project("{FAE04EC0-301F-11D3-BF4B-00C04F79EFBC}") = "XCLCMS.View.Model", "XCLCMS.View.Model\XCLCMS.View.Model.csproj", "{1DE5D205-9670-4F81-9945-02FD0DD6AD8B}"
EndProject
Project("{FAE04EC0-301F-11D3-BF4B-00C04F79EFBC}") = "XCLCMS.View.UserViewModel", "XCLCMS.View.UserViewModel\XCLCMS.View.UserViewModel.csproj", "{B8FB2A7F-308A-43D4-B062-1D768A7EB155}"
EndProject
Project("{FAE04EC0-301F-11D3-BF4B-00C04F79EFBC}") = "XCLCMS.View.UserWeb", "XCLCMS.View.UserWeb\XCLCMS.View.UserWeb.csproj", "{5BA08FCA-FF7B-45E6-BA26-F62517D90244}"
EndProject
Project("{2150E333-8FDC-42A3-9474-1A3956D46DE8}") = "Web", "Web", "{452AEC19-F7DF-4592-B1C4-BFDA836188AC}"
EndProject
Project("{2150E333-8FDC-42A3-9474-1A3956D46DE8}") = "Data", "Data", "{C7E9F587-FA97-433C-B3A3-75A3C4C88978}"
EndProject
Project("{FAE04EC0-301F-11D3-BF4B-00C04F79EFBC}") = "XCLCMS.Data.BLL", "..\XCLCMS.Data\XCLCMS.Data.BLL\XCLCMS.Data.BLL.csproj", "{054CA0F2-19E8-4121-AB61-E89BB52C0B7C}"
EndProject
Project("{FAE04EC0-301F-11D3-BF4B-00C04F79EFBC}") = "XCLCMS.Data.CommonHelper", "..\XCLCMS.Data\XCLCMS.Data.CommonHelper\XCLCMS.Data.CommonHelper.csproj", "{4F53BBD2-FCDC-403D-9546-281CDA981CF8}"
EndProject
Project("{FAE04EC0-301F-11D3-BF4B-00C04F79EFBC}") = "XCLCMS.Data.DAL", "..\XCLCMS.Data\XCLCMS.Data.DAL\XCLCMS.Data.DAL.csproj", "{D3BC202F-664E-4F31-9ED8-8CF8F618C348}"
EndProject
Project("{FAE04EC0-301F-11D3-BF4B-00C04F79EFBC}") = "XCLCMS.Data.Model", "..\XCLCMS.Data\XCLCMS.Data.Model\XCLCMS.Data.Model.csproj", "{1C3A4834-DE9B-4B4F-8378-084F83C58E90}"
EndProject
Project("{2150E333-8FDC-42A3-9474-1A3956D46DE8}") = "Lib", "Lib", "{2158D068-74B1-4670-9838-B066171BAAFD}"
EndProject
Project("{FAE04EC0-301F-11D3-BF4B-00C04F79EFBC}") = "XCLCMS.Lib", "..\XCLCMS.Lib\XCLCMS.Lib.csproj", "{E2AA6C7F-5B46-4A4B-93E4-4ED457587C4E}"
EndProject
Project("{2150E333-8FDC-42A3-9474-1A3956D46DE8}") = "Resource", "Resource", "{1AE4B514-140C-4B92-AC58-E6E7C5703B07}"
EndProject
Project("{FAE04EC0-301F-11D3-BF4B-00C04F79EFBC}") = "XCLCMS.Resources.AdminWeb", "..\XCLCMS.Resources\XCLCMS.Resources.AdminWeb\XCLCMS.Resources.AdminWeb.csproj", "{0554B255-9992-4B9B-B2FB-89F2BA3F1253}"
EndProject
Project("{FAE04EC0-301F-11D3-BF4B-00C04F79EFBC}") = "XCLCMS.Resources.UserWeb", "..\XCLCMS.Resources\XCLCMS.Resources.UserWeb\XCLCMS.Resources.UserWeb.csproj", "{9685B761-558F-460D-889B-3A1113CDB70C}"
EndProject
Global
	GlobalSection(SolutionConfigurationPlatforms) = preSolution
		Debug|Any CPU = Debug|Any CPU
		Release|Any CPU = Release|Any CPU
	EndGlobalSection
	GlobalSection(ProjectConfigurationPlatforms) = postSolution
		{864D8E33-A9B4-40B1-9E38-5341FCEC5936}.Debug|Any CPU.ActiveCfg = Debug|Any CPU
		{864D8E33-A9B4-40B1-9E38-5341FCEC5936}.Debug|Any CPU.Build.0 = Debug|Any CPU
		{864D8E33-A9B4-40B1-9E38-5341FCEC5936}.Release|Any CPU.ActiveCfg = Release|Any CPU
		{864D8E33-A9B4-40B1-9E38-5341FCEC5936}.Release|Any CPU.Build.0 = Release|Any CPU
		{39BF7B2C-DC4D-47FE-81E7-F0E87408C82B}.Debug|Any CPU.ActiveCfg = Debug|Any CPU
		{39BF7B2C-DC4D-47FE-81E7-F0E87408C82B}.Debug|Any CPU.Build.0 = Debug|Any CPU
		{39BF7B2C-DC4D-47FE-81E7-F0E87408C82B}.Release|Any CPU.ActiveCfg = Release|Any CPU
		{39BF7B2C-DC4D-47FE-81E7-F0E87408C82B}.Release|Any CPU.Build.0 = Release|Any CPU
		{1DE5D205-9670-4F81-9945-02FD0DD6AD8B}.Debug|Any CPU.ActiveCfg = Debug|Any CPU
		{1DE5D205-9670-4F81-9945-02FD0DD6AD8B}.Debug|Any CPU.Build.0 = Debug|Any CPU
		{1DE5D205-9670-4F81-9945-02FD0DD6AD8B}.Release|Any CPU.ActiveCfg = Release|Any CPU
		{1DE5D205-9670-4F81-9945-02FD0DD6AD8B}.Release|Any CPU.Build.0 = Release|Any CPU
		{B8FB2A7F-308A-43D4-B062-1D768A7EB155}.Debug|Any CPU.ActiveCfg = Debug|Any CPU
		{B8FB2A7F-308A-43D4-B062-1D768A7EB155}.Debug|Any CPU.Build.0 = Debug|Any CPU
		{B8FB2A7F-308A-43D4-B062-1D768A7EB155}.Release|Any CPU.ActiveCfg = Release|Any CPU
		{B8FB2A7F-308A-43D4-B062-1D768A7EB155}.Release|Any CPU.Build.0 = Release|Any CPU
		{5BA08FCA-FF7B-45E6-BA26-F62517D90244}.Debug|Any CPU.ActiveCfg = Debug|Any CPU
		{5BA08FCA-FF7B-45E6-BA26-F62517D90244}.Debug|Any CPU.Build.0 = Debug|Any CPU
		{5BA08FCA-FF7B-45E6-BA26-F62517D90244}.Release|Any CPU.ActiveCfg = Release|Any CPU
		{5BA08FCA-FF7B-45E6-BA26-F62517D90244}.Release|Any CPU.Build.0 = Release|Any CPU
		{054CA0F2-19E8-4121-AB61-E89BB52C0B7C}.Debug|Any CPU.ActiveCfg = Debug|Any CPU
		{054CA0F2-19E8-4121-AB61-E89BB52C0B7C}.Debug|Any CPU.Build.0 = Debug|Any CPU
		{054CA0F2-19E8-4121-AB61-E89BB52C0B7C}.Release|Any CPU.ActiveCfg = Release|Any CPU
		{054CA0F2-19E8-4121-AB61-E89BB52C0B7C}.Release|Any CPU.Build.0 = Release|Any CPU
		{4F53BBD2-FCDC-403D-9546-281CDA981CF8}.Debug|Any CPU.ActiveCfg = Debug|Any CPU
		{4F53BBD2-FCDC-403D-9546-281CDA981CF8}.Debug|Any CPU.Build.0 = Debug|Any CPU
		{4F53BBD2-FCDC-403D-9546-281CDA981CF8}.Release|Any CPU.ActiveCfg = Release|Any CPU
		{4F53BBD2-FCDC-403D-9546-281CDA981CF8}.Release|Any CPU.Build.0 = Release|Any CPU
		{D3BC202F-664E-4F31-9ED8-8CF8F618C348}.Debug|Any CPU.ActiveCfg = Debug|Any CPU
		{D3BC202F-664E-4F31-9ED8-8CF8F618C348}.Debug|Any CPU.Build.0 = Debug|Any CPU
		{D3BC202F-664E-4F31-9ED8-8CF8F618C348}.Release|Any CPU.ActiveCfg = Release|Any CPU
		{D3BC202F-664E-4F31-9ED8-8CF8F618C348}.Release|Any CPU.Build.0 = Release|Any CPU
		{1C3A4834-DE9B-4B4F-8378-084F83C58E90}.Debug|Any CPU.ActiveCfg = Debug|Any CPU
		{1C3A4834-DE9B-4B4F-8378-084F83C58E90}.Debug|Any CPU.Build.0 = Debug|Any CPU
		{1C3A4834-DE9B-4B4F-8378-084F83C58E90}.Release|Any CPU.ActiveCfg = Release|Any CPU
		{1C3A4834-DE9B-4B4F-8378-084F83C58E90}.Release|Any CPU.Build.0 = Release|Any CPU
		{E2AA6C7F-5B46-4A4B-93E4-4ED457587C4E}.Debug|Any CPU.ActiveCfg = Debug|Any CPU
		{E2AA6C7F-5B46-4A4B-93E4-4ED457587C4E}.Debug|Any CPU.Build.0 = Debug|Any CPU
		{E2AA6C7F-5B46-4A4B-93E4-4ED457587C4E}.Release|Any CPU.ActiveCfg = Release|Any CPU
		{E2AA6C7F-5B46-4A4B-93E4-4ED457587C4E}.Release|Any CPU.Build.0 = Release|Any CPU
		{0554B255-9992-4B9B-B2FB-89F2BA3F1253}.Debug|Any CPU.ActiveCfg = Debug|Any CPU
		{0554B255-9992-4B9B-B2FB-89F2BA3F1253}.Debug|Any CPU.Build.0 = Debug|Any CPU
		{0554B255-9992-4B9B-B2FB-89F2BA3F1253}.Release|Any CPU.ActiveCfg = Release|Any CPU
		{0554B255-9992-4B9B-B2FB-89F2BA3F1253}.Release|Any CPU.Build.0 = Release|Any CPU
		{9685B761-558F-460D-889B-3A1113CDB70C}.Debug|Any CPU.ActiveCfg = Debug|Any CPU
		{9685B761-558F-460D-889B-3A1113CDB70C}.Debug|Any CPU.Build.0 = Debug|Any CPU
		{9685B761-558F-460D-889B-3A1113CDB70C}.Release|Any CPU.ActiveCfg = Release|Any CPU
		{9685B761-558F-460D-889B-3A1113CDB70C}.Release|Any CPU.Build.0 = Release|Any CPU
	EndGlobalSection
	GlobalSection(SolutionProperties) = preSolution
		HideSolutionNode = FALSE
	EndGlobalSection
	GlobalSection(NestedProjects) = preSolution
		{864D8E33-A9B4-40B1-9E38-5341FCEC5936} = {452AEC19-F7DF-4592-B1C4-BFDA836188AC}
		{39BF7B2C-DC4D-47FE-81E7-F0E87408C82B} = {452AEC19-F7DF-4592-B1C4-BFDA836188AC}
		{1DE5D205-9670-4F81-9945-02FD0DD6AD8B} = {452AEC19-F7DF-4592-B1C4-BFDA836188AC}
		{B8FB2A7F-308A-43D4-B062-1D768A7EB155} = {452AEC19-F7DF-4592-B1C4-BFDA836188AC}
		{5BA08FCA-FF7B-45E6-BA26-F62517D90244} = {452AEC19-F7DF-4592-B1C4-BFDA836188AC}
		{054CA0F2-19E8-4121-AB61-E89BB52C0B7C} = {C7E9F587-FA97-433C-B3A3-75A3C4C88978}
		{4F53BBD2-FCDC-403D-9546-281CDA981CF8} = {C7E9F587-FA97-433C-B3A3-75A3C4C88978}
		{D3BC202F-664E-4F31-9ED8-8CF8F618C348} = {C7E9F587-FA97-433C-B3A3-75A3C4C88978}
		{1C3A4834-DE9B-4B4F-8378-084F83C58E90} = {C7E9F587-FA97-433C-B3A3-75A3C4C88978}
		{E2AA6C7F-5B46-4A4B-93E4-4ED457587C4E} = {2158D068-74B1-4670-9838-B066171BAAFD}
		{0554B255-9992-4B9B-B2FB-89F2BA3F1253} = {1AE4B514-140C-4B92-AC58-E6E7C5703B07}
		{9685B761-558F-460D-889B-3A1113CDB70C} = {1AE4B514-140C-4B92-AC58-E6E7C5703B07}
	EndGlobalSection
EndGlobal
